
Microsoft Visual Studio Solution File, Format Version 12.00
# Visual Studio Version 17
VisualStudioVersion = 17.14.37012.4 d17.14
MinimumVisualStudioVersion = 10.0.40219.1
Project("{FAE04EC0-301F-11D3-BF4B-00C04F79EFBC}") = "ShopNest.API", "ShopNest.API.csproj", "{5FF4B113-C31B-42E8-8219-32DDA743E735}"
EndProject
Global
	GlobalSection(SolutionConfigurationPlatforms) = preSolution
		Debug|Any CPU = Debug|Any CPU
		Release|Any CPU = Release|Any CPU
	EndGlobalSection
	GlobalSection(ProjectConfigurationPlatforms) = postSolution
		{5FF4B113-C31B-42E8-8219-32DDA743E735}.Debug|Any CPU.ActiveCfg = Debug|Any CPU
		{5FF4B113-C31B-42E8-8219-32DDA743E735}.Debug|Any CPU.Build.0 = Debug|Any CPU
		{5FF4B113-C31B-42E8-8219-32DDA743E735}.Release|Any CPU.ActiveCfg = Release|Any CPU
		{5FF4B113-C31B-42E8-8219-32DDA743E735}.Release|Any CPU.Build.0 = Release|Any CPU
	EndGlobalSection
	GlobalSection(SolutionProperties) = preSolution
		HideSolutionNode = FALSE
	EndGlobalSection
	GlobalSection(ExtensibilityGlobals) = postSolution
		SolutionGuid = {3F9A1A72-AF87-431F-8F96-0E8CA038E788}
	EndGlobalSection
EndGlobal
